// !$*UTF8*$!
{
	archiveVersion = 1;
	classes = {
	};
	objectVersion = 77;
	objects = {

/* Begin PBXBuildFile section */
		5E598C5E2F4DE3E10023136C /* WhisperKit in Frameworks */ = {isa = PBXBuildFile; productRef = 5E598C5D2F4DE3E10023136C /* WhisperKit */; };
		5E598C682F4EAA000023136C /* VocaGlyphLib in Frameworks */ = {isa = PBXBuildFile; productRef = 5E598C692F4EAA000023136C /* VocaGlyphLib */; };
		5E598CAD2F4F47370023136C /* MLXLLM in Frameworks */ = {isa = PBXBuildFile; productRef = 5E598CAC2F4F47370023136C /* MLXLLM */; };
		5E598CAF2F4F47370023136C /* MLXLMCommon in Frameworks */ = {isa = PBXBuildFile; productRef = 5E598CAE2F4F47370023136C /* MLXLMCommon */; };
		5E598CCA2F5014620023136C /* Sparkle in Frameworks */ = {isa = PBXBuildFile; productRef = 5E598CC92F5014620023136C /* Sparkle */; };
/* End PBXBuildFile section */

/* Begin PBXFileReference section */
		5E598C4D2F4DE0160023136C /* VocaGlyph.app */ = {isa = PBXFileReference; explicitFileType = wrapper.application; includeInIndex = 0; path = VocaGlyph.app; sourceTree = BUILT_PRODUCTS_DIR; };
/* End PBXFileReference section */

/* Begin PBXFileSystemSynchronizedRootGroup section */
		5E598C4F2F4DE0160023136C /* VocaGlyph */ = {
			isa = PBXFileSystemSynchronizedRootGroup;
			path = VocaGlyph;
			sourceTree = "<group>";
		};
/* End PBXFileSystemSynchronizedRootGroup section */

/* Begin PBXFrameworksBuildPhase section */
		5E598C4A2F4DE0160023136C /* Frameworks */ = {
			isa = PBXFrameworksBuildPhase;
			buildActionMask = 2147483647;
			files = (
				5E598CCA2F5014620023136C /* Sparkle in Frameworks */,
				5E598CAD2F4F47370023136C /* MLXLLM in Frameworks */,
				5E598C682F4EAA000023136C /* VocaGlyphLib in Frameworks */,
				5E598CAF2F4F47370023136C /* MLXLMCommon in Frameworks */,
				5E598C5E2F4DE3E10023136C /* WhisperKit in Frameworks */,
			);
			runOnlyForDeploymentPostprocessing = 0;
		};
/* End PBXFrameworksBuildPhase section */

/* Begin PBXGroup section */
		5E598C442F4DE0160023136C = {
			isa = PBXGroup;
			children = (
				5E598C4F2F4DE0160023136C /* VocaGlyph */,
				5E598C4E2F4DE0160023136C /* Products */,
			);
			sourceTree = "<group>";
		};
		5E598C4E2F4DE0160023136C /* Products */ = {
			isa = PBXGroup;
			children = (
				5E598C4D2F4DE0160023136C /* VocaGlyph.app */,
			);
			name = Products;
			sourceTree = "<group>";
		};
/* End PBXGroup section */

/* Begin PBXNativeTarget section */
		5E598C4C2F4DE0160023136C /* VocaGlyph */ = {
			isa = PBXNativeTarget;
			buildConfigurationList = 5E598C582F4DE0180023136C /* Build configuration list for PBXNativeTarget "VocaGlyph" */;
			buildPhases = (
				5E598C492F4DE0160023136C /* Sources */,
				5E598C4A2F4DE0160023136C /* Frameworks */,
				5E598C4B2F4DE0160023136C /* Resources */,
				5E598C672F4DE9090023136C /* Attach metalib */,
				5E8F35152F501F9B00F1624D /* Set Build Number From Git */,
			);
			buildRules = (
			);
			dependencies = (
			);
			fileSystemSynchronizedGroups = (
				5E598C4F2F4DE0160023136C /* VocaGlyph */,
			);
			name = VocaGlyph;
			packageProductDependencies = (
				5E598C692F4EAA000023136C /* VocaGlyphLib */,
				5E598C5D2F4DE3E10023136C /* WhisperKit */,
				5E598CAC2F4F47370023136C /* MLXLLM */,
				5E598CAE2F4F47370023136C /* MLXLMCommon */,
				5E598CC92F5014620023136C /* Sparkle */,
			);
			productName = VocaGlyph;
			productReference = 5E598C4D2F4DE0160023136C /* VocaGlyph.app */;
			productType = "com.apple.product-type.application";
		};
/* End PBXNativeTarget section */

/* Begin PBXProject section */
		5E598C452F4DE0160023136C /* Project object */ = {
			isa = PBXProject;
			attributes = {
				BuildIndependentTargetsInParallel = 1;
				LastSwiftUpdateCheck = 2620;
				LastUpgradeCheck = 2620;
				TargetAttributes = {
					5E598C4C2F4DE0160023136C = {
						CreatedOnToolsVersion = 26.2;
					};
				};
			};
			buildConfigurationList = 5E598C482F4DE0160023136C /* Build configuration list for PBXProject "VocaGlyph" */;
			developmentRegion = en;
			hasScannedForEncodings = 0;
			knownRegions = (
				en,
				Base,
			);
			mainGroup = 5E598C442F4DE0160023136C;
			minimizedProjectReferenceProxies = 1;
			packageReferences = (
				5E598C5C2F4DE3E10023136C /* XCRemoteSwiftPackageReference "WhisperKit" */,
				5E598C612F4DE6A60023136C /* XCLocalSwiftPackageReference "../../swift-version" */,
				5E598CAB2F4F47370023136C /* XCRemoteSwiftPackageReference "mlx-swift-lm" */,
				5E598CC82F5014620023136C /* XCRemoteSwiftPackageReference "Sparkle" */,
			);
			preferredProjectObjectVersion = 77;
			productRefGroup = 5E598C4E2F4DE0160023136C /* Products */;
			projectDirPath = "";
			projectRoot = "";
			targets = (
				5E598C4C2F4DE0160023136C /* VocaGlyph */,
			);
		};
/* End PBXProject section */

/* Begin PBXResourcesBuildPhase section */
		5E598C4B2F4DE0160023136C /* Resources */ = {
			isa = PBXResourcesBuildPhase;
			buildActionMask = 2147483647;
			files = (
			);
			runOnlyForDeploymentPostprocessing = 0;
		};
/* End PBXResourcesBuildPhase section */

/* Begin PBXShellScriptBuildPhase section */
		5E598C672F4DE9090023136C /* Attach metalib */ = {
			isa = PBXShellScriptBuildPhase;
			buildActionMask = 2147483647;
			files = (
			);
			inputFileListPaths = (
			);
			inputPaths = (
			);
			name = "Attach metalib";
			outputFileListPaths = (
			);
			outputPaths = (
				"$(BUILT_PRODUCTS_DIR)/$(PRODUCT_NAME).app/Contents/MacOS/mlx.metallib",
			);
			runOnlyForDeploymentPostprocessing = 0;
			shellPath = /bin/sh;
			shellScript = "# Compile MLX Metal shaders from Xcode-managed SPM checkouts\n# Xcode resolves SPM packages into SourcePackages/checkouts/ inside DerivedData\n# SRCROOT = xcode-project/VocaGlyph, so ../../swift-version = voice-to-text/swift-version\n\n# Find mlx-swift in Xcode's SourcePackages (where Xcode puts SPM checkouts).\n# BUILD_DIR = .../DerivedData/<Project>/Build/Products\n# Two dirname calls go up to .../DerivedData/<Project>/ where SourcePackages lives.\nDERIVED_DATA_PROJECT_DIR=$(dirname \"$(dirname \"${BUILD_DIR}\")\")\nMLX_SWIFT_CHECKOUT=\"${DERIVED_DATA_PROJECT_DIR}/SourcePackages/checkouts/mlx-swift\"\nMLX_METAL_DIR=\"${MLX_SWIFT_CHECKOUT}/Source/Cmlx/mlx-generated/metal\"\nMLX_INCLUDE_DIR=\"${MLX_SWIFT_CHECKOUT}/Source/Cmlx\"\nMLX_AIR_DIR=\"${DERIVED_FILE_DIR}/mlx-air\"\nMLX_OUT=\"${BUILT_PRODUCTS_DIR}/${PRODUCT_NAME}.app/Contents/MacOS/mlx.metallib\"\n\nif [ ! -d \"${MLX_METAL_DIR}\" ]; then\n  echo \"warning: MLX Metal shaders not found at ${MLX_METAL_DIR} — skipping metallib build\"\n  exit 0\nfi\n\nmkdir -p \"${MLX_AIR_DIR}\"\n\nfor f in \"${MLX_METAL_DIR}\"/*.metal; do\n  name=$(basename \"$f\" .metal)\n  xcrun metal -std=metal3.1 -O2 -I \"${MLX_INCLUDE_DIR}\" -c \"$f\" -o \"${MLX_AIR_DIR}/${name}.air\"\ndone\n\nxcrun metallib \"${MLX_AIR_DIR}\"/*.air -o \"${MLX_OUT}\"\n\n# Sign the metallib with the same identity Xcode uses for the app.\n# Without this, codesign rejects the app bundle because it contains\n# an unsigned binary subcomponent.\nif [ -n \"${EXPANDED_CODE_SIGN_IDENTITY}\" ] && [ \"${CODE_SIGNING_REQUIRED}\" != \"NO\" ]; then\n  codesign --force --sign \"${EXPANDED_CODE_SIGN_IDENTITY}\" \"${MLX_OUT}\"\n  echo \"MLX metallib signed with: ${EXPANDED_CODE_SIGN_IDENTITY}\"\nfi\n\necho \"MLX metallib built: ${MLX_OUT}\"\n";
		};
		5E8F35152F501F9B00F1624D /* Set Build Number From Git */ = {
			isa = PBXShellScriptBuildPhase;
			alwaysOutOfDate = 1;
			buildActionMask = 2147483647;
			files = (
			);
			inputFileListPaths = (
			);
			inputPaths = (
			);
			name = "Set Build Number From Git";
			outputFileListPaths = (
			);
			outputPaths = (
			);
			runOnlyForDeploymentPostprocessing = 0;
			shellPath = /bin/sh;
			shellScript = "BUILD_NUMBER=$(git -C \"$SRCROOT\" rev-list --count HEAD 2>/dev/null || echo \"1\")\nPLIST=\"$BUILT_PRODUCTS_DIR/$INFOPLIST_PATH\"\necho \"Setting CFBundleVersion=$BUILD_NUMBER in $PLIST\"\nif [ -f \"$PLIST\" ]; then\n  /usr/libexec/PlistBuddy -c \"Set :CFBundleVersion $BUILD_NUMBER\" \"$PLIST\"\n  echo \"✅ Build number set to $BUILD_NUMBER\"\nelse\n  echo \"error: Info.plist not found at $PLIST\"\n  exit 1\nfi\n";
		};
/* End PBXShellScriptBuildPhase section */

/* Begin PBXSourcesBuildPhase section */
		5E598C492F4DE0160023136C /* Sources */ = {
			isa = PBXSourcesBuildPhase;
			buildActionMask = 2147483647;
			files = (
			);
			runOnlyForDeploymentPostprocessing = 0;
		};
/* End PBXSourcesBuildPhase section */

/* Begin XCBuildConfiguration section */
		5E598C562F4DE0180023136C /* Debug */ = {
			isa = XCBuildConfiguration;
			buildSettings = {
				ALWAYS_SEARCH_USER_PATHS = NO;
				ASSETCATALOG_COMPILER_GENERATE_SWIFT_ASSET_SYMBOL_EXTENSIONS = YES;
				CLANG_ANALYZER_NONNULL = YES;
				CLANG_ANALYZER_NUMBER_OBJECT_CONVERSION = YES_AGGRESSIVE;
				CLANG_CXX_LANGUAGE_STANDARD = "gnu++20";
				CLANG_ENABLE_MODULES = YES;
				CLANG_ENABLE_OBJC_ARC = YES;
				CLANG_ENABLE_OBJC_WEAK = YES;
				CLANG_WARN_BLOCK_CAPTURE_AUTORELEASING = YES;
				CLANG_WARN_BOOL_CONVERSION = YES;
				CLANG_WARN_COMMA = YES;
				CLANG_WARN_CONSTANT_CONVERSION = YES;
				CLANG_WARN_DEPRECATED_OBJC_IMPLEMENTATIONS = YES;
				CLANG_WARN_DIRECT_OBJC_ISA_USAGE = YES_ERROR;
				CLANG_WARN_DOCUMENTATION_COMMENTS = YES;
				CLANG_WARN_EMPTY_BODY = YES;
				CLANG_WARN_ENUM_CONVERSION = YES;
				CLANG_WARN_INFINITE_RECURSION = YES;
				CLANG_WARN_INT_CONVERSION = YES;
				CLANG_WARN_NON_LITERAL_NULL_CONVERSION = YES;
				CLANG_WARN_OBJC_IMPLICIT_RETAIN_SELF = YES;
				CLANG_WARN_OBJC_LITERAL_CONVERSION = YES;
				CLANG_WARN_OBJC_ROOT_CLASS = YES_ERROR;
				CLANG_WARN_QUOTED_INCLUDE_IN_FRAMEWORK_HEADER = YES;
				CLANG_WARN_RANGE_LOOP_ANALYSIS = YES;
				CLANG_WARN_STRICT_PROTOTYPES = YES;
				CLANG_WARN_SUSPICIOUS_MOVE = YES;
				CLANG_WARN_UNGUARDED_AVAILABILITY = YES_AGGRESSIVE;
				CLANG_WARN_UNREACHABLE_CODE = YES;
				CLANG_WARN__DUPLICATE_METHOD_MATCH = YES;
				COPY_PHASE_STRIP = NO;
				DEAD_CODE_STRIPPING = YES;
				DEBUG_INFORMATION_FORMAT = dwarf;
				ENABLE_STRICT_OBJC_MSGSEND = YES;
				ENABLE_TESTABILITY = YES;
				ENABLE_USER_SCRIPT_SANDBOXING = NO;
				GCC_C_LANGUAGE_STANDARD = gnu17;
				GCC_DYNAMIC_NO_PIC = NO;
				GCC_NO_COMMON_BLOCKS = YES;
				GCC_OPTIMIZATION_LEVEL = 0;
				GCC_PREPROCESSOR_DEFINITIONS = (
					"DEBUG=1",
					"$(inherited)",
				);
				GCC_WARN_64_TO_32_BIT_CONVERSION = YES;
				GCC_WARN_ABOUT_RETURN_TYPE = YES_ERROR;
				GCC_WARN_UNDECLARED_SELECTOR = YES;
				GCC_WARN_UNINITIALIZED_AUTOS = YES_AGGRESSIVE;
				GCC_WARN_UNUSED_FUNCTION = YES;
				GCC_WARN_UNUSED_VARIABLE = YES;
				INFOPLIST_FILE = "../../swift-version/Info.plist";
				LOCALIZATION_PREFERS_STRING_CATALOGS = YES;
				MACOSX_DEPLOYMENT_TARGET = 14.6;
				MTL_ENABLE_DEBUG_INFO = INCLUDE_SOURCE;
				MTL_FAST_MATH = YES;
				ONLY_ACTIVE_ARCH = YES;
				SDKROOT = macosx;
				STRING_CATALOG_GENERATE_SYMBOLS = YES;
				SWIFT_ACTIVE_COMPILATION_CONDITIONS = "DEBUG $(inherited)";
				SWIFT_OPTIMIZATION_LEVEL = "-Onone";
				SWIFT_VERSION = 5.0;
			};
			name = Debug;
		};
		5E598C572F4DE0180023136C /* Release */ = {
			isa = XCBuildConfiguration;
			buildSettings = {
				ALWAYS_SEARCH_USER_PATHS = NO;
				ASSETCATALOG_COMPILER_GENERATE_SWIFT_ASSET_SYMBOL_EXTENSIONS = YES;
				CLANG_ANALYZER_NONNULL = YES;
				CLANG_ANALYZER_NUMBER_OBJECT_CONVERSION = YES_AGGRESSIVE;
				CLANG_CXX_LANGUAGE_STANDARD = "gnu++20";
				CLANG_ENABLE_MODULES = YES;
				CLANG_ENABLE_OBJC_ARC = YES;
				CLANG_ENABLE_OBJC_WEAK = YES;
				CLANG_WARN_BLOCK_CAPTURE_AUTORELEASING = YES;
				CLANG_WARN_BOOL_CONVERSION = YES;
				CLANG_WARN_COMMA = YES;
				CLANG_WARN_CONSTANT_CONVERSION = YES;
				CLANG_WARN_DEPRECATED_OBJC_IMPLEMENTATIONS = YES;
				CLANG_WARN_DIRECT_OBJC_ISA_USAGE = YES_ERROR;
				CLANG_WARN_DOCUMENTATION_COMMENTS = YES;
				CLANG_WARN_EMPTY_BODY = YES;
				CLANG_WARN_ENUM_CONVERSION = YES;
				CLANG_WARN_INFINITE_RECURSION = YES;
				CLANG_WARN_INT_CONVERSION = YES;
				CLANG_WARN_NON_LITERAL_NULL_CONVERSION = YES;
				CLANG_WARN_OBJC_IMPLICIT_RETAIN_SELF = YES;
				CLANG_WARN_OBJC_LITERAL_CONVERSION = YES;
				CLANG_WARN_OBJC_ROOT_CLASS = YES_ERROR;
				CLANG_WARN_QUOTED_INCLUDE_IN_FRAMEWORK_HEADER = YES;
				CLANG_WARN_RANGE_LOOP_ANALYSIS = YES;
				CLANG_WARN_STRICT_PROTOTYPES = YES;
				CLANG_WARN_SUSPICIOUS_MOVE = YES;
				CLANG_WARN_UNGUARDED_AVAILABILITY = YES_AGGRESSIVE;
				CLANG_WARN_UNREACHABLE_CODE = YES;
				CLANG_WARN__DUPLICATE_METHOD_MATCH = YES;
				COPY_PHASE_STRIP = NO;
				DEAD_CODE_STRIPPING = YES;
				DEBUG_INFORMATION_FORMAT = "dwarf-with-dsym";
				ENABLE_NS_ASSERTIONS = NO;
				ENABLE_STRICT_OBJC_MSGSEND = YES;
				ENABLE_USER_SCRIPT_SANDBOXING = NO;
				GCC_C_LANGUAGE_STANDARD = gnu17;
				GCC_NO_COMMON_BLOCKS = YES;
				GCC_WARN_64_TO_32_BIT_CONVERSION = YES;
				GCC_WARN_ABOUT_RETURN_TYPE = YES_ERROR;
				GCC_WARN_UNDECLARED_SELECTOR = YES;
				GCC_WARN_UNINITIALIZED_AUTOS = YES_AGGRESSIVE;
				GCC_WARN_UNUSED_FUNCTION = YES;
				GCC_WARN_UNUSED_VARIABLE = YES;
				INFOPLIST_FILE = "../../swift-version/Info.plist";
				LOCALIZATION_PREFERS_STRING_CATALOGS = YES;
				MACOSX_DEPLOYMENT_TARGET = 14.6;
				MTL_ENABLE_DEBUG_INFO = NO;
				MTL_FAST_MATH = YES;
				SDKROOT = macosx;
				STRING_CATALOG_GENERATE_SYMBOLS = YES;
				SWIFT_COMPILATION_MODE = wholemodule;
				SWIFT_VERSION = 5.0;
			};
			name = Release;
		};
		5E598C592F4DE0180023136C /* Debug */ = {
			isa = XCBuildConfiguration;
			buildSettings = {
				ASSETCATALOG_COMPILER_APPICON_NAME = AppIcon;
				ASSETCATALOG_COMPILER_GLOBAL_ACCENT_COLOR_NAME = AccentColor;
				CODE_SIGN_ALLOW_ENTITLEMENTS_MODIFICATION = YES;
				CODE_SIGN_ENTITLEMENTS = "../../swift-version/VocaGlyph.entitlements";
				CODE_SIGN_STYLE = Automatic;
				COMBINE_HIDPI_IMAGES = YES;
				CURRENT_PROJECT_VERSION = 1;
				DEAD_CODE_STRIPPING = YES;
				DEVELOPMENT_TEAM = 3C269K7QLF;
				ENABLE_APP_SANDBOX = YES;
				ENABLE_HARDENED_RUNTIME = YES;
				ENABLE_OUTGOING_NETWORK_CONNECTIONS = YES;
				ENABLE_PREVIEWS = YES;
				ENABLE_RESOURCE_ACCESS_AUDIO_INPUT = YES;
				ENABLE_USER_SELECTED_FILES = readonly;
				GENERATE_INFOPLIST_FILE = YES;
				INFOPLIST_KEY_LSUIElement = YES;
				INFOPLIST_KEY_NSHumanReadableCopyright = "";
				INFOPLIST_KEY_NSMicrophoneUsageDescription = "VocaGlyph uses the microphone to transcribe your speech into text.";
				INFOPLIST_KEY_NSSpeechRecognitionUsageDescription = "VocaGlyph requires Speech Recognition to transcribe your voice natively using Apple Intelligence.";
				LD_RUNPATH_SEARCH_PATHS = (
					"$(inherited)",
					"@executable_path/../Frameworks",
				);
				MARKETING_VERSION = 0.3.0;
				PRODUCT_BUNDLE_IDENTIFIER = com.vocaglyph.app;
				PRODUCT_NAME = "$(TARGET_NAME)";
				REGISTER_APP_GROUPS = YES;
				STRING_CATALOG_GENERATE_SYMBOLS = YES;
				SWIFT_APPROACHABLE_CONCURRENCY = NO;
				SWIFT_DEFAULT_ACTOR_ISOLATION = nonisolated;
				SWIFT_EMIT_LOC_STRINGS = YES;
				SWIFT_UPCOMING_FEATURE_MEMBER_IMPORT_VISIBILITY = YES;
				SWIFT_VERSION = 5.0;
			};
			name = Debug;
		};
		5E598C5A2F4DE0180023136C /* Release */ = {
			isa = XCBuildConfiguration;
			buildSettings = {
				ASSETCATALOG_COMPILER_APPICON_NAME = AppIcon;
				ASSETCATALOG_COMPILER_GLOBAL_ACCENT_COLOR_NAME = AccentColor;
				CODE_SIGN_ALLOW_ENTITLEMENTS_MODIFICATION = NO;
				CODE_SIGN_ENTITLEMENTS = "../../swift-version/VocaGlyph.entitlements";
				CODE_SIGN_IDENTITY = "Developer ID Application";
				CODE_SIGN_STYLE = Manual;
				COMBINE_HIDPI_IMAGES = YES;
				CURRENT_PROJECT_VERSION = 1;
				DEAD_CODE_STRIPPING = YES;
				DEVELOPMENT_TEAM = 3C269K7QLF;
				ENABLE_APP_SANDBOX = YES;
				ENABLE_HARDENED_RUNTIME = YES;
				ENABLE_OUTGOING_NETWORK_CONNECTIONS = YES;
				ENABLE_PREVIEWS = YES;
				ENABLE_RESOURCE_ACCESS_AUDIO_INPUT = YES;
				ENABLE_USER_SELECTED_FILES = readonly;
				GENERATE_INFOPLIST_FILE = YES;
				INFOPLIST_KEY_LSUIElement = YES;
				INFOPLIST_KEY_NSHumanReadableCopyright = "";
				INFOPLIST_KEY_NSMicrophoneUsageDescription = "VocaGlyph uses the microphone to transcribe your speech into text.";
				INFOPLIST_KEY_NSSpeechRecognitionUsageDescription = "VocaGlyph requires Speech Recognition to transcribe your voice natively using Apple Intelligence.";
				LD_RUNPATH_SEARCH_PATHS = (
					"$(inherited)",
					"@executable_path/../Frameworks",
				);
				MARKETING_VERSION = 0.3.0;
				PRODUCT_BUNDLE_IDENTIFIER = com.vocaglyph.app;
				PRODUCT_NAME = "$(TARGET_NAME)";
				REGISTER_APP_GROUPS = YES;
				STRING_CATALOG_GENERATE_SYMBOLS = YES;
				SWIFT_APPROACHABLE_CONCURRENCY = NO;
				SWIFT_DEFAULT_ACTOR_ISOLATION = nonisolated;
				SWIFT_EMIT_LOC_STRINGS = YES;
				SWIFT_UPCOMING_FEATURE_MEMBER_IMPORT_VISIBILITY = YES;
				SWIFT_VERSION = 5.0;
			};
			name = Release;
		};
/* End XCBuildConfiguration section */

/* Begin XCConfigurationList section */
		5E598C482F4DE0160023136C /* Build configuration list for PBXProject "VocaGlyph" */ = {
			isa = XCConfigurationList;
			buildConfigurations = (
				5E598C562F4DE0180023136C /* Debug */,
				5E598C572F4DE0180023136C /* Release */,
			);
			defaultConfigurationIsVisible = 0;
			defaultConfigurationName = Release;
		};
		5E598C582F4DE0180023136C /* Build configuration list for PBXNativeTarget "VocaGlyph" */ = {
			isa = XCConfigurationList;
			buildConfigurations = (
				5E598C592F4DE0180023136C /* Debug */,
				5E598C5A2F4DE0180023136C /* Release */,
			);
			defaultConfigurationIsVisible = 0;
			defaultConfigurationName = Release;
		};
/* End XCConfigurationList section */

/* Begin XCLocalSwiftPackageReference section */
		5E598C612F4DE6A60023136C /* XCLocalSwiftPackageReference "../../swift-version" */ = {
			isa = XCLocalSwiftPackageReference;
			relativePath = "../../swift-version";
		};
/* End XCLocalSwiftPackageReference section */

/* Begin XCRemoteSwiftPackageReference section */
		5E598C5C2F4DE3E10023136C /* XCRemoteSwiftPackageReference "WhisperKit" */ = {
			isa = XCRemoteSwiftPackageReference;
			repositoryURL = "https://github.com/argmaxinc/WhisperKit";
			requirement = {
				kind = upToNextMajorVersion;
				minimumVersion = 0.10.0;
			};
		};
		5E598CAB2F4F47370023136C /* XCRemoteSwiftPackageReference "mlx-swift-lm" */ = {
			isa = XCRemoteSwiftPackageReference;
			repositoryURL = "https://github.com/ml-explore/mlx-swift-lm";
			requirement = {
				kind = upToNextMajorVersion;
				minimumVersion = 2.30.6;
			};
		};
		5E598CC82F5014620023136C /* XCRemoteSwiftPackageReference "Sparkle" */ = {
			isa = XCRemoteSwiftPackageReference;
			repositoryURL = "https://github.com/sparkle-project/Sparkle";
			requirement = {
				kind = upToNextMajorVersion;
				minimumVersion = 2.9.0;
			};
		};
/* End XCRemoteSwiftPackageReference section */

/* Begin XCSwiftPackageProductDependency section */
		5E598C5D2F4DE3E10023136C /* WhisperKit */ = {
			isa = XCSwiftPackageProductDependency;
			package = 5E598C5C2F4DE3E10023136C /* XCRemoteSwiftPackageReference "WhisperKit" */;
			productName = WhisperKit;
		};
		5E598C692F4EAA000023136C /* VocaGlyphLib */ = {
			isa = XCSwiftPackageProductDependency;
			package = 5E598C612F4DE6A60023136C /* XCLocalSwiftPackageReference "../../swift-version" */;
			productName = VocaGlyphLib;
		};
		5E598CAC2F4F47370023136C /* MLXLLM */ = {
			isa = XCSwiftPackageProductDependency;
			package = 5E598CAB2F4F47370023136C /* XCRemoteSwiftPackageReference "mlx-swift-lm" */;
			productName = MLXLLM;
		};
		5E598CAE2F4F47370023136C /* MLXLMCommon */ = {
			isa = XCSwiftPackageProductDependency;
			package = 5E598CAB2F4F47370023136C /* XCRemoteSwiftPackageReference "mlx-swift-lm" */;
			productName = MLXLMCommon;
		};
		5E598CC92F5014620023136C /* Sparkle */ = {
			isa = XCSwiftPackageProductDependency;
			package = 5E598CC82F5014620023136C /* XCRemoteSwiftPackageReference "Sparkle" */;
			productName = Sparkle;
		};
/* End XCSwiftPackageProductDependency section */
	};
	rootObject = 5E598C452F4DE0160023136C /* Project object */;
}
